
Microsoft Visual Studio Solution File, Format Version 12.00
# Visual Studio Version 17
VisualStudioVersion = 17.14.36511.14
MinimumVisualStudioVersion = 10.0.40219.1
Project("{FAE04EC0-301F-11D3-BF4B-00C04F79EFBC}") = "HomeWork_10_20", "HomeWork_10_20\HomeWork_10_20.csproj", "{F713702B-411D-4C94-B481-50B4CEA21DD4}"
EndProject
Project("{FAE04EC0-301F-11D3-BF4B-00C04F79EFBC}") = "Thermometer", "Thermometer\Thermometer.csproj", "{F306E614-3AFE-4656-85E8-ECAA5410340B}"
EndProject
Project("{FAE04EC0-301F-11D3-BF4B-00C04F79EFBC}") = "Char_Count", "Char_Count\Char_Count.csproj", "{CCE75655-25BF-4CDC-A779-35D6C284F852}"
EndProject
Project("{FAE04EC0-301F-11D3-BF4B-00C04F79EFBC}") = "GuessNumber", "GuessNumber\GuessNumber.csproj", "{25B8B7C5-C7FD-4769-A686-F81583788169}"
EndProject
Project("{FAE04EC0-301F-11D3-BF4B-00C04F79EFBC}") = "progTax", "progTax\progTax.csproj", "{759D77F4-82D5-49A5-8129-295BEFA9F1C4}"
EndProject
Project("{FAE04EC0-301F-11D3-BF4B-00C04F79EFBC}") = "Numerology", "Numerology\Numerology.csproj", "{64ADEB27-BDB0-4E66-AB57-41BA01BECEAB}"
EndProject
Global
	GlobalSection(SolutionConfigurationPlatforms) = preSolution
		Debug|Any CPU = Debug|Any CPU
		Release|Any CPU = Release|Any CPU
	EndGlobalSection
	GlobalSection(ProjectConfigurationPlatforms) = postSolution
		{F713702B-411D-4C94-B481-50B4CEA21DD4}.Debug|Any CPU.ActiveCfg = Debug|Any CPU
		{F713702B-411D-4C94-B481-50B4CEA21DD4}.Debug|Any CPU.Build.0 = Debug|Any CPU
		{F713702B-411D-4C94-B481-50B4CEA21DD4}.Release|Any CPU.ActiveCfg = Release|Any CPU
		{F713702B-411D-4C94-B481-50B4CEA21DD4}.Release|Any CPU.Build.0 = Release|Any CPU
		{F306E614-3AFE-4656-85E8-ECAA5410340B}.Debug|Any CPU.ActiveCfg = Debug|Any CPU
		{F306E614-3AFE-4656-85E8-ECAA5410340B}.Debug|Any CPU.Build.0 = Debug|Any CPU
		{F306E614-3AFE-4656-85E8-ECAA5410340B}.Release|Any CPU.ActiveCfg = Release|Any CPU
		{F306E614-3AFE-4656-85E8-ECAA5410340B}.Release|Any CPU.Build.0 = Release|Any CPU
		{CCE75655-25BF-4CDC-A779-35D6C284F852}.Debug|Any CPU.ActiveCfg = Debug|Any CPU
		{CCE75655-25BF-4CDC-A779-35D6C284F852}.Debug|Any CPU.Build.0 = Debug|Any CPU
		{CCE75655-25BF-4CDC-A779-35D6C284F852}.Release|Any CPU.ActiveCfg = Release|Any CPU
		{CCE75655-25BF-4CDC-A779-35D6C284F852}.Release|Any CPU.Build.0 = Release|Any CPU
		{25B8B7C5-C7FD-4769-A686-F81583788169}.Debug|Any CPU.ActiveCfg = Debug|Any CPU
		{25B8B7C5-C7FD-4769-A686-F81583788169}.Debug|Any CPU.Build.0 = Debug|Any CPU
		{25B8B7C5-C7FD-4769-A686-F81583788169}.Release|Any CPU.ActiveCfg = Release|Any CPU
		{25B8B7C5-C7FD-4769-A686-F81583788169}.Release|Any CPU.Build.0 = Release|Any CPU
		{759D77F4-82D5-49A5-8129-295BEFA9F1C4}.Debug|Any CPU.ActiveCfg = Debug|Any CPU
		{759D77F4-82D5-49A5-8129-295BEFA9F1C4}.Debug|Any CPU.Build.0 = Debug|Any CPU
		{759D77F4-82D5-49A5-8129-295BEFA9F1C4}.Release|Any CPU.ActiveCfg = Release|Any CPU
		{759D77F4-82D5-49A5-8129-295BEFA9F1C4}.Release|Any CPU.Build.0 = Release|Any CPU
		{64ADEB27-BDB0-4E66-AB57-41BA01BECEAB}.Debug|Any CPU.ActiveCfg = Debug|Any CPU
		{64ADEB27-BDB0-4E66-AB57-41BA01BECEAB}.Debug|Any CPU.Build.0 = Debug|Any CPU
		{64ADEB27-BDB0-4E66-AB57-41BA01BECEAB}.Release|Any CPU.ActiveCfg = Release|Any CPU
		{64ADEB27-BDB0-4E66-AB57-41BA01BECEAB}.Release|Any CPU.Build.0 = Release|Any CPU
	EndGlobalSection
	GlobalSection(SolutionProperties) = preSolution
		HideSolutionNode = FALSE
	EndGlobalSection
	GlobalSection(ExtensibilityGlobals) = postSolution
		SolutionGuid = {D03C0692-99BD-4FD5-87F6-3B66F29A32C5}
	EndGlobalSection
EndGlobal
